
Microsoft Visual Studio Solution File, Format Version 12.00
# Visual Studio Version 17
VisualStudioVersion = 17.12.35707.178
MinimumVisualStudioVersion = 10.0.40219.1
Project("{FAE04EC0-301F-11D3-BF4B-00C04F79EFBC}") = "Inventory_Management_Dashboard", "Inventory_Management_Dashboard\Inventory_Management_Dashboard.csproj", "{AEC71627-B375-4C7A-BBBA-2CBF2CC7D24F}"
EndProject
Global
	GlobalSection(SolutionConfigurationPlatforms) = preSolution
		Debug|Any CPU = Debug|Any CPU
		Release|Any CPU = Release|Any CPU
	EndGlobalSection
	GlobalSection(ProjectConfigurationPlatforms) = postSolution
		{AEC71627-B375-4C7A-BBBA-2CBF2CC7D24F}.Debug|Any CPU.ActiveCfg = Debug|Any CPU
		{AEC71627-B375-4C7A-BBBA-2CBF2CC7D24F}.Debug|Any CPU.Build.0 = Debug|Any CPU
		{AEC71627-B375-4C7A-BBBA-2CBF2CC7D24F}.Release|Any CPU.ActiveCfg = Release|Any CPU
		{AEC71627-B375-4C7A-BBBA-2CBF2CC7D24F}.Release|Any CPU.Build.0 = Release|Any CPU
	EndGlobalSection
	GlobalSection(SolutionProperties) = preSolution
		HideSolutionNode = FALSE
	EndGlobalSection
EndGlobal
